
Microsoft Visual Studio Solution File, Format Version 12.00
# Visual Studio Version 17
VisualStudioVersion = 17.0.31912.275
MinimumVisualStudioVersion = 10.0.40219.1
Project("{FAE04EC0-301F-11D3-BF4B-00C04F79EFBC}") = "Auctionindo", "Auctionindo\Auctionindo.csproj", "{52BBE485-E208-4CF5-903F-D2ACAD06E144}"
EndProject
Global
	GlobalSection(SolutionConfigurationPlatforms) = preSolution
		Debug|Any CPU = Debug|Any CPU
		Release|Any CPU = Release|Any CPU
	EndGlobalSection
	GlobalSection(ProjectConfigurationPlatforms) = postSolution
		{52BBE485-E208-4CF5-903F-D2ACAD06E144}.Debug|Any CPU.ActiveCfg = Debug|Any CPU
		{52BBE485-E208-4CF5-903F-D2ACAD06E144}.Debug|Any CPU.Build.0 = Debug|Any CPU
		{52BBE485-E208-4CF5-903F-D2ACAD06E144}.Release|Any CPU.ActiveCfg = Release|Any CPU
		{52BBE485-E208-4CF5-903F-D2ACAD06E144}.Release|Any CPU.Build.0 = Release|Any CPU
	EndGlobalSection
	GlobalSection(SolutionProperties) = preSolution
		HideSolutionNode = FALSE
	EndGlobalSection
	GlobalSection(ExtensibilityGlobals) = postSolution
		SolutionGuid = {02FC655B-610A-447B-AD6A-CEB0CE09B980}
	EndGlobalSection
EndGlobal
